{
  "nodes": {
    "nixpkgs": {
      "locked": {
        "lastModified": 1664328665,
        "narHash": "sha256-MVUhaUYwzrmzD/RzTBEGIpYBmncP3JNvZMjGyXtuX/w=",
        "path": "/nix/store/8l0y6mrakasky4zm20zqx6hybp6m6gch-source",
        "rev": "0c97cb06a5b8f1a266fea43b7335de562ea16d3b",
        "type": "path"
      },
      "original": {
        "id": "nixpkgs",
        "type": "indirect"
      }
    },
    "pongo": {
      "flake": false,
      "locked": {
        "lastModified": 1663592212,
        "narHash": "sha256-Twa/1t3vPZUY+X4I9eCRYiNLjBzQCYbLIT68p8JFkV4=",
        "owner": "Kong",
        "repo": "kong-pongo",
        "rev": "6e9e6dcdeca43ce0dba19d970c9f6cdbe8a0850f",
        "type": "github"
      },
      "original": {
        "owner": "Kong",
        "ref": "1.3.0",
        "repo": "kong-pongo",
        "type": "github"
      }
    },
    "root": {
      "inputs": {
        "nixpkgs": "nixpkgs",
        "pongo": "pongo",
        "utils": "utils"
      }
    },
    "utils": {
      "locked": {
        "lastModified": 1659877975,
        "narHash": "sha256-zllb8aq3YO3h8B/U0/J1WBgAL8EX5yWf5pMj3G0NAmc=",
        "owner": "numtide",
        "repo": "flake-utils",
        "rev": "c0e246b9b83f637f4681389ecabcb2681b4f3af0",
        "type": "github"
      },
      "original": {
        "owner": "numtide",
        "repo": "flake-utils",
        "type": "github"
      }
    }
  },
  "root": "root",
  "version": 7
}
